// !$*UTF8*$!
{
	archiveVersion = 1;
	classes = {
	};
	objectVersion = 50;
	objects = {

/* Begin PBXBuildFile section */
		180DF4AF20C845B200654E87 /* IntroViewController.swift in Sources */ = {isa = PBXBuildFile; fileRef = 180DF4AE20C845B200654E87 /* IntroViewController.swift */; };
		180DF4B120C8616A00654E87 /* SearchResultCell.xib in Resources */ = {isa = PBXBuildFile; fileRef = 180DF4B020C8616A00654E87 /* SearchResultCell.xib */; };
		187F333220C206F2005BD12D /* SearchResultCell.swift in Sources */ = {isa = PBXBuildFile; fileRef = 187F333120C206F2005BD12D /* SearchResultCell.swift */; };
		18851FAB20C1DC51006977B3 /* AppDelegate.swift in Sources */ = {isa = PBXBuildFile; fileRef = 18851FAA20C1DC51006977B3 /* AppDelegate.swift */; };
		18851FAD20C1DC51006977B3 /* SearchResultsViewController.swift in Sources */ = {isa = PBXBuildFile; fileRef = 18851FAC20C1DC51006977B3 /* SearchResultsViewController.swift */; };
		18851FB020C1DC51006977B3 /* Main.storyboard in Resources */ = {isa = PBXBuildFile; fileRef = 18851FAE20C1DC51006977B3 /* Main.storyboard */; };
		18851FB220C1DC52006977B3 /* Assets.xcassets in Resources */ = {isa = PBXBuildFile; fileRef = 18851FB120C1DC52006977B3 /* Assets.xcassets */; };
		18851FB520C1DC52006977B3 /* LaunchScreen.storyboard in Resources */ = {isa = PBXBuildFile; fileRef = 18851FB320C1DC52006977B3 /* LaunchScreen.storyboard */; };
		18851FC020C1DC52006977B3 /* WayMoviesTests.swift in Sources */ = {isa = PBXBuildFile; fileRef = 18851FBF20C1DC52006977B3 /* WayMoviesTests.swift */; };
		18851FCB20C1DC52006977B3 /* WayMoviesUITests.swift in Sources */ = {isa = PBXBuildFile; fileRef = 18851FCA20C1DC52006977B3 /* WayMoviesUITests.swift */; };
		1891526620C98C4500F6608D /* DetailViewController.swift in Sources */ = {isa = PBXBuildFile; fileRef = 1891526520C98C4500F6608D /* DetailViewController.swift */; };
		189A012720C8E78000122D82 /* Cosmos.framework in Frameworks */ = {isa = PBXBuildFile; fileRef = 189A012620C8E78000122D82 /* Cosmos.framework */; settings = {ATTRIBUTES = (Required, ); }; };
/* End PBXBuildFile section */

/* Begin PBXContainerItemProxy section */
		18851FBC20C1DC52006977B3 /* PBXContainerItemProxy */ = {
			isa = PBXContainerItemProxy;
			containerPortal = 18851F9F20C1DC51006977B3 /* Project object */;
			proxyType = 1;
			remoteGlobalIDString = 18851FA620C1DC51006977B3;
			remoteInfo = WayMovies;
		};
		18851FC720C1DC52006977B3 /* PBXContainerItemProxy */ = {
			isa = PBXContainerItemProxy;
			containerPortal = 18851F9F20C1DC51006977B3 /* Project object */;
			proxyType = 1;
			remoteGlobalIDString = 18851FA620C1DC51006977B3;
			remoteInfo = WayMovies;
		};
/* End PBXContainerItemProxy section */

/* Begin PBXCopyFilesBuildPhase section */
		189A012420C8D79800122D82 /* CopyFiles */ = {
			isa = PBXCopyFilesBuildPhase;
			buildActionMask = 12;
			dstPath = "";
			dstSubfolderSpec = 7;
			files = (
			);
			runOnlyForDeploymentPostprocessing = 0;
		};
/* End PBXCopyFilesBuildPhase section */

/* Begin PBXFileReference section */
		180DF4AE20C845B200654E87 /* IntroViewController.swift */ = {isa = PBXFileReference; lastKnownFileType = sourcecode.swift; path = IntroViewController.swift; sourceTree = "<group>"; };
		180DF4B020C8616A00654E87 /* SearchResultCell.xib */ = {isa = PBXFileReference; lastKnownFileType = file.xib; path = SearchResultCell.xib; sourceTree = "<group>"; };
		187F333120C206F2005BD12D /* SearchResultCell.swift */ = {isa = PBXFileReference; lastKnownFileType = sourcecode.swift; path = SearchResultCell.swift; sourceTree = "<group>"; };
		18851FA720C1DC51006977B3 /* WayMovies.app */ = {isa = PBXFileReference; explicitFileType = wrapper.application; includeInIndex = 0; path = WayMovies.app; sourceTree = BUILT_PRODUCTS_DIR; };
		18851FAA20C1DC51006977B3 /* AppDelegate.swift */ = {isa = PBXFileReference; lastKnownFileType = sourcecode.swift; path = AppDelegate.swift; sourceTree = "<group>"; };
		18851FAC20C1DC51006977B3 /* SearchResultsViewController.swift */ = {isa = PBXFileReference; lastKnownFileType = sourcecode.swift; path = SearchResultsViewController.swift; sourceTree = "<group>"; };
		18851FAF20C1DC51006977B3 /* Base */ = {isa = PBXFileReference; lastKnownFileType = file.storyboard; name = Base; path = Base.lproj/Main.storyboard; sourceTree = "<group>"; };
		18851FB120C1DC52006977B3 /* Assets.xcassets */ = {isa = PBXFileReference; lastKnownFileType = folder.assetcatalog; path = Assets.xcassets; sourceTree = "<group>"; };
		18851FB420C1DC52006977B3 /* Base */ = {isa = PBXFileReference; lastKnownFileType = file.storyboard; name = Base; path = Base.lproj/LaunchScreen.storyboard; sourceTree = "<group>"; };
		18851FB620C1DC52006977B3 /* Info.plist */ = {isa = PBXFileReference; lastKnownFileType = text.plist.xml; path = Info.plist; sourceTree = "<group>"; };
		18851FBB20C1DC52006977B3 /* WayMoviesTests.xctest */ = {isa = PBXFileReference; explicitFileType = wrapper.cfbundle; includeInIndex = 0; path = WayMoviesTests.xctest; sourceTree = BUILT_PRODUCTS_DIR; };
		18851FBF20C1DC52006977B3 /* WayMoviesTests.swift */ = {isa = PBXFileReference; lastKnownFileType = sourcecode.swift; path = WayMoviesTests.swift; sourceTree = "<group>"; };
		18851FC120C1DC52006977B3 /* Info.plist */ = {isa = PBXFileReference; lastKnownFileType = text.plist.xml; path = Info.plist; sourceTree = "<group>"; };
		18851FC620C1DC52006977B3 /* WayMoviesUITests.xctest */ = {isa = PBXFileReference; explicitFileType = wrapper.cfbundle; includeInIndex = 0; path = WayMoviesUITests.xctest; sourceTree = BUILT_PRODUCTS_DIR; };
		18851FCA20C1DC52006977B3 /* WayMoviesUITests.swift */ = {isa = PBXFileReference; lastKnownFileType = sourcecode.swift; path = WayMoviesUITests.swift; sourceTree = "<group>"; };
		18851FCC20C1DC52006977B3 /* Info.plist */ = {isa = PBXFileReference; lastKnownFileType = text.plist.xml; path = Info.plist; sourceTree = "<group>"; };
		1891526520C98C4500F6608D /* DetailViewController.swift */ = {isa = PBXFileReference; lastKnownFileType = sourcecode.swift; path = DetailViewController.swift; sourceTree = "<group>"; };
		189A012620C8E78000122D82 /* Cosmos.framework */ = {isa = PBXFileReference; lastKnownFileType = wrapper.framework; name = Cosmos.framework; path = Carthage/Build/iOS/Cosmos.framework; sourceTree = "<group>"; };
/* End PBXFileReference section */

/* Begin PBXFrameworksBuildPhase section */
		18851FA420C1DC51006977B3 /* Frameworks */ = {
			isa = PBXFrameworksBuildPhase;
			buildActionMask = 2147483647;
			files = (
				189A012720C8E78000122D82 /* Cosmos.framework in Frameworks */,
			);
			runOnlyForDeploymentPostprocessing = 0;
		};
		18851FB820C1DC52006977B3 /* Frameworks */ = {
			isa = PBXFrameworksBuildPhase;
			buildActionMask = 2147483647;
			files = (
			);
			runOnlyForDeploymentPostprocessing = 0;
		};
		18851FC320C1DC52006977B3 /* Frameworks */ = {
			isa = PBXFrameworksBuildPhase;
			buildActionMask = 2147483647;
			files = (
			);
			runOnlyForDeploymentPostprocessing = 0;
		};
/* End PBXFrameworksBuildPhase section */

/* Begin PBXGroup section */
		18851F9E20C1DC51006977B3 = {
			isa = PBXGroup;
			children = (
				18851FA920C1DC51006977B3 /* WayMovies */,
				18851FBE20C1DC52006977B3 /* WayMoviesTests */,
				18851FC920C1DC52006977B3 /* WayMoviesUITests */,
				18851FA820C1DC51006977B3 /* Products */,
				189A012520C8E77F00122D82 /* Frameworks */,
			);
			sourceTree = "<group>";
		};
		18851FA820C1DC51006977B3 /* Products */ = {
			isa = PBXGroup;
			children = (
				18851FA720C1DC51006977B3 /* WayMovies.app */,
				18851FBB20C1DC52006977B3 /* WayMoviesTests.xctest */,
				18851FC620C1DC52006977B3 /* WayMoviesUITests.xctest */,
			);
			name = Products;
			sourceTree = "<group>";
		};
		18851FA920C1DC51006977B3 /* WayMovies */ = {
			isa = PBXGroup;
			children = (
				18851FAA20C1DC51006977B3 /* AppDelegate.swift */,
				18851FAE20C1DC51006977B3 /* Main.storyboard */,
				180DF4B020C8616A00654E87 /* SearchResultCell.xib */,
				18851FB120C1DC52006977B3 /* Assets.xcassets */,
				18851FB320C1DC52006977B3 /* LaunchScreen.storyboard */,
				18851FB620C1DC52006977B3 /* Info.plist */,
				187F333120C206F2005BD12D /* SearchResultCell.swift */,
				18851FAC20C1DC51006977B3 /* SearchResultsViewController.swift */,
				180DF4AE20C845B200654E87 /* IntroViewController.swift */,
				1891526520C98C4500F6608D /* DetailViewController.swift */,
			);
			path = WayMovies;
			sourceTree = "<group>";
		};
		18851FBE20C1DC52006977B3 /* WayMoviesTests */ = {
			isa = PBXGroup;
			children = (
				18851FBF20C1DC52006977B3 /* WayMoviesTests.swift */,
				18851FC120C1DC52006977B3 /* Info.plist */,
			);
			path = WayMoviesTests;
			sourceTree = "<group>";
		};
		18851FC920C1DC52006977B3 /* WayMoviesUITests */ = {
			isa = PBXGroup;
			children = (
				18851FCA20C1DC52006977B3 /* WayMoviesUITests.swift */,
				18851FCC20C1DC52006977B3 /* Info.plist */,
			);
			path = WayMoviesUITests;
			sourceTree = "<group>";
		};
		189A012520C8E77F00122D82 /* Frameworks */ = {
			isa = PBXGroup;
			children = (
				189A012620C8E78000122D82 /* Cosmos.framework */,
			);
			name = Frameworks;
			sourceTree = "<group>";
		};
/* End PBXGroup section */

/* Begin PBXNativeTarget section */
		18851FA620C1DC51006977B3 /* WayMovies */ = {
			isa = PBXNativeTarget;
			buildConfigurationList = 18851FCF20C1DC52006977B3 /* Build configuration list for PBXNativeTarget "WayMovies" */;
			buildPhases = (
				18851FA320C1DC51006977B3 /* Sources */,
				18851FA420C1DC51006977B3 /* Frameworks */,
				18851FA520C1DC51006977B3 /* Resources */,
				189A012420C8D79800122D82 /* CopyFiles */,
				189A012820C8E79300122D82 /* ShellScript */,
			);
			buildRules = (
			);
			dependencies = (
			);
			name = WayMovies;
			productName = WayMovies;
			productReference = 18851FA720C1DC51006977B3 /* WayMovies.app */;
			productType = "com.apple.product-type.application";
		};
		18851FBA20C1DC52006977B3 /* WayMoviesTests */ = {
			isa = PBXNativeTarget;
			buildConfigurationList = 18851FD220C1DC52006977B3 /* Build configuration list for PBXNativeTarget "WayMoviesTests" */;
			buildPhases = (
				18851FB720C1DC52006977B3 /* Sources */,
				18851FB820C1DC52006977B3 /* Frameworks */,
				18851FB920C1DC52006977B3 /* Resources */,
			);
			buildRules = (
			);
			dependencies = (
				18851FBD20C1DC52006977B3 /* PBXTargetDependency */,
			);
			name = WayMoviesTests;
			productName = WayMoviesTests;
			productReference = 18851FBB20C1DC52006977B3 /* WayMoviesTests.xctest */;
			productType = "com.apple.product-type.bundle.unit-test";
		};
		18851FC520C1DC52006977B3 /* WayMoviesUITests */ = {
			isa = PBXNativeTarget;
			buildConfigurationList = 18851FD520C1DC52006977B3 /* Build configuration list for PBXNativeTarget "WayMoviesUITests" */;
			buildPhases = (
				18851FC220C1DC52006977B3 /* Sources */,
				18851FC320C1DC52006977B3 /* Frameworks */,
				18851FC420C1DC52006977B3 /* Resources */,
			);
			buildRules = (
			);
			dependencies = (
				18851FC820C1DC52006977B3 /* PBXTargetDependency */,
			);
			name = WayMoviesUITests;
			productName = WayMoviesUITests;
			productReference = 18851FC620C1DC52006977B3 /* WayMoviesUITests.xctest */;
			productType = "com.apple.product-type.bundle.ui-testing";
		};
/* End PBXNativeTarget section */

/* Begin PBXProject section */
		18851F9F20C1DC51006977B3 /* Project object */ = {
			isa = PBXProject;
			attributes = {
				LastSwiftUpdateCheck = 0940;
				LastUpgradeCheck = 0940;
				ORGANIZATIONNAME = "Aaron Lichtman";
				TargetAttributes = {
					18851FA620C1DC51006977B3 = {
						CreatedOnToolsVersion = 9.4;
					};
					18851FBA20C1DC52006977B3 = {
						CreatedOnToolsVersion = 9.4;
						TestTargetID = 18851FA620C1DC51006977B3;
					};
					18851FC520C1DC52006977B3 = {
						CreatedOnToolsVersion = 9.4;
						TestTargetID = 18851FA620C1DC51006977B3;
					};
				};
			};
			buildConfigurationList = 18851FA220C1DC51006977B3 /* Build configuration list for PBXProject "WayMovies" */;
			compatibilityVersion = "Xcode 9.3";
			developmentRegion = en;
			hasScannedForEncodings = 0;
			knownRegions = (
				en,
				Base,
			);
			mainGroup = 18851F9E20C1DC51006977B3;
			productRefGroup = 18851FA820C1DC51006977B3 /* Products */;
			projectDirPath = "";
			projectRoot = "";
			targets = (
				18851FA620C1DC51006977B3 /* WayMovies */,
				18851FBA20C1DC52006977B3 /* WayMoviesTests */,
				18851FC520C1DC52006977B3 /* WayMoviesUITests */,
			);
		};
/* End PBXProject section */

/* Begin PBXResourcesBuildPhase section */
		18851FA520C1DC51006977B3 /* Resources */ = {
			isa = PBXResourcesBuildPhase;
			buildActionMask = 2147483647;
			files = (
				18851FB520C1DC52006977B3 /* LaunchScreen.storyboard in Resources */,
				180DF4B120C8616A00654E87 /* SearchResultCell.xib in Resources */,
				18851FB220C1DC52006977B3 /* Assets.xcassets in Resources */,
				18851FB020C1DC51006977B3 /* Main.storyboard in Resources */,
			);
			runOnlyForDeploymentPostprocessing = 0;
		};
		18851FB920C1DC52006977B3 /* Resources */ = {
			isa = PBXResourcesBuildPhase;
			buildActionMask = 2147483647;
			files = (
			);
			runOnlyForDeploymentPostprocessing = 0;
		};
		18851FC420C1DC52006977B3 /* Resources */ = {
			isa = PBXResourcesBuildPhase;
			buildActionMask = 2147483647;
			files = (
			);
			runOnlyForDeploymentPostprocessing = 0;
		};
/* End PBXResourcesBuildPhase section */

/* Begin PBXShellScriptBuildPhase section */
		189A012820C8E79300122D82 /* ShellScript */ = {
			isa = PBXShellScriptBuildPhase;
			buildActionMask = 2147483647;
			files = (
			);
			inputPaths = (
				"$(SRCROOT)/Carthage/Build/iOS/Cosmos.framework",
			);
			outputPaths = (
			);
			runOnlyForDeploymentPostprocessing = 0;
			shellPath = /bin/zsh;
			shellScript = "/usr/local/bin/carthage copy-frameworks";
		};
/* End PBXShellScriptBuildPhase section */

/* Begin PBXSourcesBuildPhase section */
		18851FA320C1DC51006977B3 /* Sources */ = {
			isa = PBXSourcesBuildPhase;
			buildActionMask = 2147483647;
			files = (
				18851FAD20C1DC51006977B3 /* SearchResultsViewController.swift in Sources */,
				187F333220C206F2005BD12D /* SearchResultCell.swift in Sources */,
				1891526620C98C4500F6608D /* DetailViewController.swift in Sources */,
				18851FAB20C1DC51006977B3 /* AppDelegate.swift in Sources */,
				180DF4AF20C845B200654E87 /* IntroViewController.swift in Sources */,
			);
			runOnlyForDeploymentPostprocessing = 0;
		};
		18851FB720C1DC52006977B3 /* Sources */ = {
			isa = PBXSourcesBuildPhase;
			buildActionMask = 2147483647;
			files = (
				18851FC020C1DC52006977B3 /* WayMoviesTests.swift in Sources */,
			);
			runOnlyForDeploymentPostprocessing = 0;
		};
		18851FC220C1DC52006977B3 /* Sources */ = {
			isa = PBXSourcesBuildPhase;
			buildActionMask = 2147483647;
			files = (
				18851FCB20C1DC52006977B3 /* WayMoviesUITests.swift in Sources */,
			);
			runOnlyForDeploymentPostprocessing = 0;
		};
/* End PBXSourcesBuildPhase section */

/* Begin PBXTargetDependency section */
		18851FBD20C1DC52006977B3 /* PBXTargetDependency */ = {
			isa = PBXTargetDependency;
			target = 18851FA620C1DC51006977B3 /* WayMovies */;
			targetProxy = 18851FBC20C1DC52006977B3 /* PBXContainerItemProxy */;
		};
		18851FC820C1DC52006977B3 /* PBXTargetDependency */ = {
			isa = PBXTargetDependency;
			target = 18851FA620C1DC51006977B3 /* WayMovies */;
			targetProxy = 18851FC720C1DC52006977B3 /* PBXContainerItemProxy */;
		};
/* End PBXTargetDependency section */

/* Begin PBXVariantGroup section */
		18851FAE20C1DC51006977B3 /* Main.storyboard */ = {
			isa = PBXVariantGroup;
			children = (
				18851FAF20C1DC51006977B3 /* Base */,
			);
			name = Main.storyboard;
			sourceTree = "<group>";
		};
		18851FB320C1DC52006977B3 /* LaunchScreen.storyboard */ = {
			isa = PBXVariantGroup;
			children = (
				18851FB420C1DC52006977B3 /* Base */,
			);
			name = LaunchScreen.storyboard;
			sourceTree = "<group>";
		};
/* End PBXVariantGroup section */

/* Begin XCBuildConfiguration section */
		18851FCD20C1DC52006977B3 /* Debug */ = {
			isa = XCBuildConfiguration;
			buildSettings = {
				ALWAYS_SEARCH_USER_PATHS = NO;
				CLANG_ANALYZER_NONNULL = YES;
				CLANG_ANALYZER_NUMBER_OBJECT_CONVERSION = YES_AGGRESSIVE;
				CLANG_CXX_LANGUAGE_STANDARD = "gnu++14";
				CLANG_CXX_LIBRARY = "libc++";
				CLANG_ENABLE_MODULES = YES;
				CLANG_ENABLE_OBJC_ARC = YES;
				CLANG_ENABLE_OBJC_WEAK = YES;
				CLANG_WARN_BLOCK_CAPTURE_AUTORELEASING = YES;
				CLANG_WARN_BOOL_CONVERSION = YES;
				CLANG_WARN_COMMA = YES;
				CLANG_WARN_CONSTANT_CONVERSION = YES;
				CLANG_WARN_DEPRECATED_OBJC_IMPLEMENTATIONS = YES;
				CLANG_WARN_DIRECT_OBJC_ISA_USAGE = YES_ERROR;
				CLANG_WARN_DOCUMENTATION_COMMENTS = YES;
				CLANG_WARN_EMPTY_BODY = YES;
				CLANG_WARN_ENUM_CONVERSION = YES;
				CLANG_WARN_INFINITE_RECURSION = YES;
				CLANG_WARN_INT_CONVERSION = YES;
				CLANG_WARN_NON_LITERAL_NULL_CONVERSION = YES;
				CLANG_WARN_OBJC_IMPLICIT_RETAIN_SELF = YES;
				CLANG_WARN_OBJC_LITERAL_CONVERSION = YES;
				CLANG_WARN_OBJC_ROOT_CLASS = YES_ERROR;
				CLANG_WARN_RANGE_LOOP_ANALYSIS = YES;
				CLANG_WARN_STRICT_PROTOTYPES = YES;
				CLANG_WARN_SUSPICIOUS_MOVE = YES;
				CLANG_WARN_UNGUARDED_AVAILABILITY = YES_AGGRESSIVE;
				CLANG_WARN_UNREACHABLE_CODE = YES;
				CLANG_WARN__DUPLICATE_METHOD_MATCH = YES;
				CODE_SIGN_IDENTITY = "iPhone Developer";
				COPY_PHASE_STRIP = NO;
				DEBUG_INFORMATION_FORMAT = dwarf;
				ENABLE_STRICT_OBJC_MSGSEND = YES;
				ENABLE_TESTABILITY = YES;
				GCC_C_LANGUAGE_STANDARD = gnu11;
				GCC_DYNAMIC_NO_PIC = NO;
				GCC_NO_COMMON_BLOCKS = YES;
				GCC_OPTIMIZATION_LEVEL = 0;
				GCC_PREPROCESSOR_DEFINITIONS = (
					"DEBUG=1",
					"$(inherited)",
				);
				GCC_WARN_64_TO_32_BIT_CONVERSION = YES;
				GCC_WARN_ABOUT_RETURN_TYPE = YES_ERROR;
				GCC_WARN_UNDECLARED_SELECTOR = YES;
				GCC_WARN_UNINITIALIZED_AUTOS = YES_AGGRESSIVE;
				GCC_WARN_UNUSED_FUNCTION = YES;
				GCC_WARN_UNUSED_VARIABLE = YES;
				IPHONEOS_DEPLOYMENT_TARGET = 11.4;
				MTL_ENABLE_DEBUG_INFO = YES;
				ONLY_ACTIVE_ARCH = YES;
				SDKROOT = iphoneos;
				SWIFT_ACTIVE_COMPILATION_CONDITIONS = DEBUG;
				SWIFT_OPTIMIZATION_LEVEL = "-Onone";
			};
			name = Debug;
		};
		18851FCE20C1DC52006977B3 /* Release */ = {
			isa = XCBuildConfiguration;
			buildSettings = {
				ALWAYS_SEARCH_USER_PATHS = NO;
				CLANG_ANALYZER_NONNULL = YES;
				CLANG_ANALYZER_NUMBER_OBJECT_CONVERSION = YES_AGGRESSIVE;
				CLANG_CXX_LANGUAGE_STANDARD = "gnu++14";
				CLANG_CXX_LIBRARY = "libc++";
				CLANG_ENABLE_MODULES = YES;
				CLANG_ENABLE_OBJC_ARC = YES;
				CLANG_ENABLE_OBJC_WEAK = YES;
				CLANG_WARN_BLOCK_CAPTURE_AUTORELEASING = YES;
				CLANG_WARN_BOOL_CONVERSION = YES;
				CLANG_WARN_COMMA = YES;
				CLANG_WARN_CONSTANT_CONVERSION = YES;
				CLANG_WARN_DEPRECATED_OBJC_IMPLEMENTATIONS = YES;
				CLANG_WARN_DIRECT_OBJC_ISA_USAGE = YES_ERROR;
				CLANG_WARN_DOCUMENTATION_COMMENTS = YES;
				CLANG_WARN_EMPTY_BODY = YES;
				CLANG_WARN_ENUM_CONVERSION = YES;
				CLANG_WARN_INFINITE_RECURSION = YES;
				CLANG_WARN_INT_CONVERSION = YES;
				CLANG_WARN_NON_LITERAL_NULL_CONVERSION = YES;
				CLANG_WARN_OBJC_IMPLICIT_RETAIN_SELF = YES;
				CLANG_WARN_OBJC_LITERAL_CONVERSION = YES;
				CLANG_WARN_OBJC_ROOT_CLASS = YES_ERROR;
				CLANG_WARN_RANGE_LOOP_ANALYSIS = YES;
				CLANG_WARN_STRICT_PROTOTYPES = YES;
				CLANG_WARN_SUSPICIOUS_MOVE = YES;
				CLANG_WARN_UNGUARDED_AVAILABILITY = YES_AGGRESSIVE;
				CLANG_WARN_UNREACHABLE_CODE = YES;
				CLANG_WARN__DUPLICATE_METHOD_MATCH = YES;
				CODE_SIGN_IDENTITY = "iPhone Developer";
				COPY_PHASE_STRIP = NO;
				DEBUG_INFORMATION_FORMAT = "dwarf-with-dsym";
				ENABLE_NS_ASSERTIONS = NO;
				ENABLE_STRICT_OBJC_MSGSEND = YES;
				GCC_C_LANGUAGE_STANDARD = gnu11;
				GCC_NO_COMMON_BLOCKS = YES;
				GCC_WARN_64_TO_32_BIT_CONVERSION = YES;
				GCC_WARN_ABOUT_RETURN_TYPE = YES_ERROR;
				GCC_WARN_UNDECLARED_SELECTOR = YES;
				GCC_WARN_UNINITIALIZED_AUTOS = YES_AGGRESSIVE;
				GCC_WARN_UNUSED_FUNCTION = YES;
				GCC_WARN_UNUSED_VARIABLE = YES;
				IPHONEOS_DEPLOYMENT_TARGET = 11.4;
				MTL_ENABLE_DEBUG_INFO = NO;
				SDKROOT = iphoneos;
				SWIFT_COMPILATION_MODE = wholemodule;
				SWIFT_OPTIMIZATION_LEVEL = "-O";
				VALIDATE_PRODUCT = YES;
			};
			name = Release;
		};
		18851FD020C1DC52006977B3 /* Debug */ = {
			isa = XCBuildConfiguration;
			buildSettings = {
				ASSETCATALOG_COMPILER_APPICON_NAME = AppIcon;
				CODE_SIGN_STYLE = Automatic;
				FRAMEWORK_SEARCH_PATHS = (
					"$(inherited)",
					"$(PROJECT_DIR)/Carthage/Build/iOS",
				);
				INFOPLIST_FILE = WayMovies/Info.plist;
				LD_RUNPATH_SEARCH_PATHS = (
					"$(inherited)",
					"@executable_path/Frameworks",
				);
				PRODUCT_BUNDLE_IDENTIFIER = alichtman.WayMovies;
				PRODUCT_NAME = "$(TARGET_NAME)";
				SWIFT_VERSION = 4.0;
				TARGETED_DEVICE_FAMILY = "1,2";
			};
			name = Debug;
		};
		18851FD120C1DC52006977B3 /* Release */ = {
			isa = XCBuildConfiguration;
			buildSettings = {
				ASSETCATALOG_COMPILER_APPICON_NAME = AppIcon;
				CODE_SIGN_STYLE = Automatic;
				FRAMEWORK_SEARCH_PATHS = (
					"$(inherited)",
					"$(PROJECT_DIR)/Carthage/Build/iOS",
				);
				INFOPLIST_FILE = WayMovies/Info.plist;
				LD_RUNPATH_SEARCH_PATHS = (
					"$(inherited)",
					"@executable_path/Frameworks",
				);
				PRODUCT_BUNDLE_IDENTIFIER = alichtman.WayMovies;
				PRODUCT_NAME = "$(TARGET_NAME)";
				SWIFT_VERSION = 4.0;
				TARGETED_DEVICE_FAMILY = "1,2";
			};
			name = Release;
		};
		18851FD320C1DC52006977B3 /* Debug */ = {
			isa = XCBuildConfiguration;
			buildSettings = {
				ALWAYS_EMBED_SWIFT_STANDARD_LIBRARIES = YES;
				BUNDLE_LOADER = "$(TEST_HOST)";
				CODE_SIGN_STYLE = Automatic;
				INFOPLIST_FILE = WayMoviesTests/Info.plist;
				LD_RUNPATH_SEARCH_PATHS = (
					"$(inherited)",
					"@executable_path/Frameworks",
					"@loader_path/Frameworks",
				);
				PRODUCT_BUNDLE_IDENTIFIER = alichtman.WayMoviesTests;
				PRODUCT_NAME = "$(TARGET_NAME)";
				SWIFT_VERSION = 4.0;
				TARGETED_DEVICE_FAMILY = "1,2";
				TEST_HOST = "$(BUILT_PRODUCTS_DIR)/WayMovies.app/WayMovies";
			};
			name = Debug;
		};
		18851FD420C1DC52006977B3 /* Release */ = {
			isa = XCBuildConfiguration;
			buildSettings = {
				ALWAYS_EMBED_SWIFT_STANDARD_LIBRARIES = YES;
				BUNDLE_LOADER = "$(TEST_HOST)";
				CODE_SIGN_STYLE = Automatic;
				INFOPLIST_FILE = WayMoviesTests/Info.plist;
				LD_RUNPATH_SEARCH_PATHS = (
					"$(inherited)",
					"@executable_path/Frameworks",
					"@loader_path/Frameworks",
				);
				PRODUCT_BUNDLE_IDENTIFIER = alichtman.WayMoviesTests;
				PRODUCT_NAME = "$(TARGET_NAME)";
				SWIFT_VERSION = 4.0;
				TARGETED_DEVICE_FAMILY = "1,2";
				TEST_HOST = "$(BUILT_PRODUCTS_DIR)/WayMovies.app/WayMovies";
			};
			name = Release;
		};
		18851FD620C1DC52006977B3 /* Debug */ = {
			isa = XCBuildConfiguration;
			buildSettings = {
				ALWAYS_EMBED_SWIFT_STANDARD_LIBRARIES = YES;
				CODE_SIGN_STYLE = Automatic;
				INFOPLIST_FILE = WayMoviesUITests/Info.plist;
				LD_RUNPATH_SEARCH_PATHS = (
					"$(inherited)",
					"@executable_path/Frameworks",
					"@loader_path/Frameworks",
				);
				PRODUCT_BUNDLE_IDENTIFIER = alichtman.WayMoviesUITests;
				PRODUCT_NAME = "$(TARGET_NAME)";
				SWIFT_VERSION = 4.0;
				TARGETED_DEVICE_FAMILY = "1,2";
				TEST_TARGET_NAME = WayMovies;
			};
			name = Debug;
		};
		18851FD720C1DC52006977B3 /* Release */ = {
			isa = XCBuildConfiguration;
			buildSettings = {
				ALWAYS_EMBED_SWIFT_STANDARD_LIBRARIES = YES;
				CODE_SIGN_STYLE = Automatic;
				INFOPLIST_FILE = WayMoviesUITests/Info.plist;
				LD_RUNPATH_SEARCH_PATHS = (
					"$(inherited)",
					"@executable_path/Frameworks",
					"@loader_path/Frameworks",
				);
				PRODUCT_BUNDLE_IDENTIFIER = alichtman.WayMoviesUITests;
				PRODUCT_NAME = "$(TARGET_NAME)";
				SWIFT_VERSION = 4.0;
				TARGETED_DEVICE_FAMILY = "1,2";
				TEST_TARGET_NAME = WayMovies;
			};
			name = Release;
		};
/* End XCBuildConfiguration section */

/* Begin XCConfigurationList section */
		18851FA220C1DC51006977B3 /* Build configuration list for PBXProject "WayMovies" */ = {
			isa = XCConfigurationList;
			buildConfigurations = (
				18851FCD20C1DC52006977B3 /* Debug */,
				18851FCE20C1DC52006977B3 /* Release */,
			);
			defaultConfigurationIsVisible = 0;
			defaultConfigurationName = Release;
		};
		18851FCF20C1DC52006977B3 /* Build configuration list for PBXNativeTarget "WayMovies" */ = {
			isa = XCConfigurationList;
			buildConfigurations = (
				18851FD020C1DC52006977B3 /* Debug */,
				18851FD120C1DC52006977B3 /* Release */,
			);
			defaultConfigurationIsVisible = 0;
			defaultConfigurationName = Release;
		};
		18851FD220C1DC52006977B3 /* Build configuration list for PBXNativeTarget "WayMoviesTests" */ = {
			isa = XCConfigurationList;
			buildConfigurations = (
				18851FD320C1DC52006977B3 /* Debug */,
				18851FD420C1DC52006977B3 /* Release */,
			);
			defaultConfigurationIsVisible = 0;
			defaultConfigurationName = Release;
		};
		18851FD520C1DC52006977B3 /* Build configuration list for PBXNativeTarget "WayMoviesUITests" */ = {
			isa = XCConfigurationList;
			buildConfigurations = (
				18851FD620C1DC52006977B3 /* Debug */,
				18851FD720C1DC52006977B3 /* Release */,
			);
			defaultConfigurationIsVisible = 0;
			defaultConfigurationName = Release;
		};
/* End XCConfigurationList section */
	};
	rootObject = 18851F9F20C1DC51006977B3 /* Project object */;
}
